{
	"name": "cosmeredle",
	"version": "0.0.0",
	"lockfileVersion": 3,
	"requires": true,
	"packages": {
		"": {
			"name": "cosmeredle",
			"version": "0.0.0",
			"license": "CC0-1.0",
			"dependencies": {
				"@types/bun": "^1.2.15",
				"aberdeen": "^1.0.7",
				"simple-node-logger": "^21.8.12",
				"typescript": "^5.8.3"
			}
		},
		"node_modules/@types/bun": {
			"version": "1.2.17",
			"resolved": "https://registry.npmjs.org/@types/bun/-/bun-1.2.17.tgz",
			"integrity": "sha512-l/BYs/JYt+cXA/0+wUhulYJB6a6p//GTPiJ7nV+QHa8iiId4HZmnu/3J/SowP5g0rTiERY2kfGKXEK5Ehltx4Q==",
			"license": "MIT",
			"dependencies": {
				"bun-types": "1.2.17"
			}
		},
		"node_modules/@types/node": {
			"version": "24.0.4",
			"resolved": "https://registry.npmjs.org/@types/node/-/node-24.0.4.tgz",
			"integrity": "sha512-ulyqAkrhnuNq9pB76DRBTkcS6YsmDALy6Ua63V8OhrOBgbcYt6IOdzpw5P1+dyRIyMerzLkeYWBeOXPpA9GMAA==",
			"license": "MIT",
			"dependencies": {
				"undici-types": "~7.8.0"
			}
		},
		"node_modules/aberdeen": {
			"version": "1.0.7",
			"resolved": "https://registry.npmjs.org/aberdeen/-/aberdeen-1.0.7.tgz",
			"integrity": "sha512-50gGvehIUlBJB1JsBqYzb9NDNXcCl03/W50JgmSn2FratRN38l3662mkTRXdkCzxZl3m6bIyutJNCPBt/ObE7g==",
			"license": "MIT",
			"bin": {
				"html-to-aberdeen": "html-to-aberdeen"
			}
		},
		"node_modules/bun-types": {
			"version": "1.2.17",
			"resolved": "https://registry.npmjs.org/bun-types/-/bun-types-1.2.17.tgz",
			"integrity": "sha512-ElC7ItwT3SCQwYZDYoAH+q6KT4Fxjl8DtZ6qDulUFBmXA8YB4xo+l54J9ZJN+k2pphfn9vk7kfubeSd5QfTVJQ==",
			"license": "MIT",
			"dependencies": {
				"@types/node": "*"
			}
		},
		"node_modules/lodash": {
			"version": "4.17.21",
			"resolved": "https://registry.npmjs.org/lodash/-/lodash-4.17.21.tgz",
			"integrity": "sha512-v2kDEe57lecTulaDIuNTPy3Ry4gLGJ6Z1O3vE1krgXZNrsQ+LFTGHVxVjcXPs17LhbZVGedAJv8XZ1tvj5FvSg==",
			"license": "MIT"
		},
		"node_modules/moment": {
			"version": "2.30.1",
			"resolved": "https://registry.npmjs.org/moment/-/moment-2.30.1.tgz",
			"integrity": "sha512-uEmtNhbDOrWPFS+hdjFCBfy9f2YoyzRpwcl+DqpC6taX21FzsTLQVbMV/W7PzNSX6x/bhC1zA3c2UQ5NzH6how==",
			"license": "MIT",
			"engines": {
				"node": "*"
			}
		},
		"node_modules/simple-node-logger": {
			"version": "21.8.12",
			"resolved": "https://registry.npmjs.org/simple-node-logger/-/simple-node-logger-21.8.12.tgz",
			"integrity": "sha512-RPImnYDq3jdUjaTvYLghaF1n65Dd0LV8hdZtlT0X1NZBAkw+lx0ZJtFydcUyYKjg0Yxd27AW9IAIc3OLhTjBzA==",
			"license": "Apache-2.0",
			"dependencies": {
				"lodash": "^4.17.12",
				"moment": "^2.20.1"
			}
		},
		"node_modules/typescript": {
			"version": "5.8.3",
			"resolved": "https://registry.npmjs.org/typescript/-/typescript-5.8.3.tgz",
			"integrity": "sha512-p1diW6TqL9L07nNxvRMM7hMMw4c5XOo/1ibL4aAIGmSAt9slTE1Xgw5KWuof2uTOvCg9BY7ZRi+GaF+7sfgPeQ==",
			"license": "Apache-2.0",
			"bin": {
				"tsc": "bin/tsc",
				"tsserver": "bin/tsserver"
			},
			"engines": {
				"node": ">=14.17"
			}
		},
		"node_modules/undici-types": {
			"version": "7.8.0",
			"resolved": "https://registry.npmjs.org/undici-types/-/undici-types-7.8.0.tgz",
			"integrity": "sha512-9UJ2xGDvQ43tYyVMpuHlsgApydB8ZKfVYTsLDhXkFL/6gfkp+U8xTGdh8pMJv1SpZna0zxG1DwsKZsreLbXBxw==",
			"license": "MIT"
		}
	}
}
