{
	"name": "cosmeredle",
	"version": "1.0.0",
	"lockfileVersion": 3,
	"requires": true,
	"packages": {
		"": {
			"name": "cosmeredle",
			"version": "1.0.0",
			"license": "CC0-1.0",
			"dependencies": {
				"@types/bun": "^1.3.11",
				"aberdeen": "^1.10.0",
				"simple-node-logger": "^21.8.12",
				"typescript": "^6.0.2"
			},
			"devDependencies": {
				"@happy-dom/global-registrator": "^20.8.8",
				"husky": "^9.1.7"
			}
		},
		"node_modules/@happy-dom/global-registrator": {
			"version": "20.8.8",
			"resolved": "https://registry.npmjs.org/@happy-dom/global-registrator/-/global-registrator-20.8.8.tgz",
			"integrity": "sha512-2NE+gfUX092su6oZYw6yOfgPYAfx9NBLFdMLNdZZtkupCP9oZfz6qFRYf1o8la2Le7Tyb94O5TONzcozENx2xg==",
			"dev": true,
			"license": "MIT",
			"dependencies": {
				"@types/node": ">=20.0.0",
				"happy-dom": "^20.8.8"
			},
			"engines": {
				"node": ">=20.0.0"
			}
		},
		"node_modules/@types/bun": {
			"version": "1.3.11",
			"resolved": "https://registry.npmjs.org/@types/bun/-/bun-1.3.11.tgz",
			"integrity": "sha512-5vPne5QvtpjGpsGYXiFyycfpDF2ECyPcTSsFBMa0fraoxiQyMJ3SmuQIGhzPg2WJuWxVBoxWJ2kClYTcw/4fAg==",
			"license": "MIT",
			"dependencies": {
				"bun-types": "1.3.11"
			}
		},
		"node_modules/@types/node": {
			"version": "25.5.0",
			"resolved": "https://registry.npmjs.org/@types/node/-/node-25.5.0.tgz",
			"integrity": "sha512-jp2P3tQMSxWugkCUKLRPVUpGaL5MVFwF8RDuSRztfwgN1wmqJeMSbKlnEtQqU8UrhTmzEmZdu2I6v2dpp7XIxw==",
			"license": "MIT",
			"dependencies": {
				"undici-types": "~7.18.0"
			}
		},
		"node_modules/@types/whatwg-mimetype": {
			"version": "3.0.2",
			"resolved": "https://registry.npmjs.org/@types/whatwg-mimetype/-/whatwg-mimetype-3.0.2.tgz",
			"integrity": "sha512-c2AKvDT8ToxLIOUlN51gTiHXflsfIFisS4pO7pDPoKouJCESkhZnEy623gwP9laCy5lnLDAw1vAzu2vM2YLOrA==",
			"dev": true,
			"license": "MIT"
		},
		"node_modules/@types/ws": {
			"version": "8.18.1",
			"resolved": "https://registry.npmjs.org/@types/ws/-/ws-8.18.1.tgz",
			"integrity": "sha512-ThVF6DCVhA8kUGy+aazFQ4kXQ7E1Ty7A3ypFOe0IcJV8O/M511G99AW24irKrW56Wt44yG9+ij8FaqoBGkuBXg==",
			"dev": true,
			"license": "MIT",
			"dependencies": {
				"@types/node": "*"
			}
		},
		"node_modules/aberdeen": {
			"version": "1.10.0",
			"resolved": "https://registry.npmjs.org/aberdeen/-/aberdeen-1.10.0.tgz",
			"integrity": "sha512-MIp3rC+/0Xad1EDah2yRDdgmJGl1JTpJkSYXYhg/M3nTW6F+LAqAPfzI6VYRUbegYypbTEXbzi5af40A6CZFAw==",
			"license": "MIT",
			"bin": {
				"html-to-aberdeen": "html-to-aberdeen"
			}
		},
		"node_modules/bun-types": {
			"version": "1.3.11",
			"resolved": "https://registry.npmjs.org/bun-types/-/bun-types-1.3.11.tgz",
			"integrity": "sha512-1KGPpoxQWl9f6wcZh57LvrPIInQMn2TQ7jsgxqpRzg+l0QPOFvJVH7HmvHo/AiPgwXy+/Thf6Ov3EdVn1vOabg==",
			"license": "MIT",
			"dependencies": {
				"@types/node": "*"
			}
		},
		"node_modules/entities": {
			"version": "7.0.1",
			"resolved": "https://registry.npmjs.org/entities/-/entities-7.0.1.tgz",
			"integrity": "sha512-TWrgLOFUQTH994YUyl1yT4uyavY5nNB5muff+RtWaqNVCAK408b5ZnnbNAUEWLTCpum9w6arT70i1XdQ4UeOPA==",
			"dev": true,
			"license": "BSD-2-Clause",
			"engines": {
				"node": ">=0.12"
			},
			"funding": {
				"url": "https://github.com/fb55/entities?sponsor=1"
			}
		},
		"node_modules/happy-dom": {
			"version": "20.8.8",
			"resolved": "https://registry.npmjs.org/happy-dom/-/happy-dom-20.8.8.tgz",
			"integrity": "sha512-5/F8wxkNxYtsN0bXfMwIyNLZ9WYsoOYPbmoluqVJqv8KBUbcyKZawJ7uYK4WTX8IHBLYv+VXIwfeNDPy1oKMwQ==",
			"dev": true,
			"license": "MIT",
			"dependencies": {
				"@types/node": ">=20.0.0",
				"@types/whatwg-mimetype": "^3.0.2",
				"@types/ws": "^8.18.1",
				"entities": "^7.0.1",
				"whatwg-mimetype": "^3.0.0",
				"ws": "^8.18.3"
			},
			"engines": {
				"node": ">=20.0.0"
			}
		},
		"node_modules/husky": {
			"version": "9.1.7",
			"resolved": "https://registry.npmjs.org/husky/-/husky-9.1.7.tgz",
			"integrity": "sha512-5gs5ytaNjBrh5Ow3zrvdUUY+0VxIuWVL4i9irt6friV+BqdCfmV11CQTWMiBYWHbXhco+J1kHfTOUkePhCDvMA==",
			"dev": true,
			"license": "MIT",
			"bin": {
				"husky": "bin.js"
			},
			"engines": {
				"node": ">=18"
			},
			"funding": {
				"url": "https://github.com/sponsors/typicode"
			}
		},
		"node_modules/lodash": {
			"version": "4.17.23",
			"resolved": "https://registry.npmjs.org/lodash/-/lodash-4.17.23.tgz",
			"integrity": "sha512-LgVTMpQtIopCi79SJeDiP0TfWi5CNEc/L/aRdTh3yIvmZXTnheWpKjSZhnvMl8iXbC1tFg9gdHHDMLoV7CnG+w==",
			"license": "MIT"
		},
		"node_modules/moment": {
			"version": "2.30.1",
			"resolved": "https://registry.npmjs.org/moment/-/moment-2.30.1.tgz",
			"integrity": "sha512-uEmtNhbDOrWPFS+hdjFCBfy9f2YoyzRpwcl+DqpC6taX21FzsTLQVbMV/W7PzNSX6x/bhC1zA3c2UQ5NzH6how==",
			"license": "MIT",
			"engines": {
				"node": "*"
			}
		},
		"node_modules/simple-node-logger": {
			"version": "21.8.12",
			"resolved": "https://registry.npmjs.org/simple-node-logger/-/simple-node-logger-21.8.12.tgz",
			"integrity": "sha512-RPImnYDq3jdUjaTvYLghaF1n65Dd0LV8hdZtlT0X1NZBAkw+lx0ZJtFydcUyYKjg0Yxd27AW9IAIc3OLhTjBzA==",
			"license": "Apache-2.0",
			"dependencies": {
				"lodash": "^4.17.12",
				"moment": "^2.20.1"
			}
		},
		"node_modules/typescript": {
			"version": "6.0.2",
			"resolved": "https://registry.npmjs.org/typescript/-/typescript-6.0.2.tgz",
			"integrity": "sha512-bGdAIrZ0wiGDo5l8c++HWtbaNCWTS4UTv7RaTH/ThVIgjkveJt83m74bBHMJkuCbslY8ixgLBVZJIOiQlQTjfQ==",
			"license": "Apache-2.0",
			"bin": {
				"tsc": "bin/tsc",
				"tsserver": "bin/tsserver"
			},
			"engines": {
				"node": ">=14.17"
			}
		},
		"node_modules/undici-types": {
			"version": "7.18.2",
			"resolved": "https://registry.npmjs.org/undici-types/-/undici-types-7.18.2.tgz",
			"integrity": "sha512-AsuCzffGHJybSaRrmr5eHr81mwJU3kjw6M+uprWvCXiNeN9SOGwQ3Jn8jb8m3Z6izVgknn1R0FTCEAP2QrLY/w==",
			"license": "MIT"
		},
		"node_modules/whatwg-mimetype": {
			"version": "3.0.0",
			"resolved": "https://registry.npmjs.org/whatwg-mimetype/-/whatwg-mimetype-3.0.0.tgz",
			"integrity": "sha512-nt+N2dzIutVRxARx1nghPKGv1xHikU7HKdfafKkLNLindmPU/ch3U31NOCGGA/dmPcmb1VlofO0vnKAcsm0o/Q==",
			"dev": true,
			"license": "MIT",
			"engines": {
				"node": ">=12"
			}
		},
		"node_modules/ws": {
			"version": "8.20.0",
			"resolved": "https://registry.npmjs.org/ws/-/ws-8.20.0.tgz",
			"integrity": "sha512-sAt8BhgNbzCtgGbt2OxmpuryO63ZoDk/sqaB/znQm94T4fCEsy/yV+7CdC1kJhOU9lboAEU7R3kquuycDoibVA==",
			"dev": true,
			"license": "MIT",
			"engines": {
				"node": ">=10.0.0"
			},
			"peerDependencies": {
				"bufferutil": "^4.0.1",
				"utf-8-validate": ">=5.0.2"
			},
			"peerDependenciesMeta": {
				"bufferutil": {
					"optional": true
				},
				"utf-8-validate": {
					"optional": true
				}
			}
		}
	}
}
